{
  "lockfileVersion": 1,
  "configVersion": 1,
  "workspaces": {
    "": {
      "name": "crdt-interop-spike-ts",
      "dependencies": {
        "@automerge/automerge": "^2.2.9",
      },
    },
  },
  "packages": {
    "@automerge/automerge": ["@automerge/automerge@2.2.9", "", { "dependencies": { "uuid": "^9.0.0" } }, "sha512-6HM52Ops79hAQBWMg/t0MNfGOdEiXyenQjO9F1hKZq0RWDsMLpPa1SzRy/C4/4UyX67sTHuA5CwBpH34SpfZlA=="],

    "uuid": ["uuid@9.0.1", "", { "bin": { "uuid": "dist/bin/uuid" } }, "sha512-b+1eJOlsR9K8HJpow9Ok3fiWOWSIcIzXodvv0rQjVoOVNpWMpxf1wZNpt4y9h10odCNrqnYp1OBzRktckBe3sA=="],
  }
}
