{
  "lockfileVersion": 1,
  "configVersion": 1,
  "workspaces": {
    "": {
      "name": "codec-conformance-ts-harness",
      "dependencies": {
        "@msgpack/msgpack": "^3.1.3",
        "@oslojs/encoding": "^1.1.0",
        "brotli-wasm": "^3.0.1",
      },
    },
  },
  "packages": {
    "@msgpack/msgpack": ["@msgpack/msgpack@3.1.3", "", {}, "sha512-47XIizs9XZXvuJgoaJUIE2lFoID8ugvc0jzSHP+Ptfk8nTbnR8g788wv48N03Kx0UkAv559HWRQ3yzOgzlRNUA=="],

    "@oslojs/encoding": ["@oslojs/encoding@1.1.0", "", {}, "sha512-70wQhgYmndg4GCPxPPxPGevRKqTIJ2Nh4OkiMWmDAVYsTQ+Ta7Sq+rPevXyXGdzr30/qZBnyOalCszoMxlyldQ=="],

    "brotli-wasm": ["brotli-wasm@3.0.1", "", {}, "sha512-U3K72/JAi3jITpdhZBqzSUq+DUY697tLxOuFXB+FpAE/Ug+5C3VZrv4uA674EUZHxNAuQ9wETXNqQkxZD6oL4A=="],
  }
}
